
Microsoft Visual Studio Solution File, Format Version 12.00
# Visual Studio Version 16
VisualStudioVersion = 16.0.29215.179
MinimumVisualStudioVersion = 10.0.40219.1
Project("{FAE04EC0-301F-11D3-BF4B-00C04F79EFBC}") = "IdleUniverse", "IdleUniverse\IdleUniverse.csproj", "{DD652377-2245-4080-A3CE-806CCAF6A21A}"
EndProject
Global
	GlobalSection(SolutionConfigurationPlatforms) = preSolution
		Debug|Any CPU = Debug|Any CPU
		Release|Any CPU = Release|Any CPU
	EndGlobalSection
	GlobalSection(ProjectConfigurationPlatforms) = postSolution
		{DD652377-2245-4080-A3CE-806CCAF6A21A}.Debug|Any CPU.ActiveCfg = Debug|Any CPU
		{DD652377-2245-4080-A3CE-806CCAF6A21A}.Debug|Any CPU.Build.0 = Debug|Any CPU
		{DD652377-2245-4080-A3CE-806CCAF6A21A}.Release|Any CPU.ActiveCfg = Release|Any CPU
		{DD652377-2245-4080-A3CE-806CCAF6A21A}.Release|Any CPU.Build.0 = Release|Any CPU
	EndGlobalSection
	GlobalSection(SolutionProperties) = preSolution
		HideSolutionNode = FALSE
	EndGlobalSection
	GlobalSection(ExtensibilityGlobals) = postSolution
		SolutionGuid = {3B418CCE-761C-4512-9AF2-985A89F64E9B}
	EndGlobalSection
EndGlobal
